
Microsoft Visual Studio Solution File, Format Version 12.00
# Visual Studio Version 16
VisualStudioVersion = 16.0.31702.278
MinimumVisualStudioVersion = 10.0.40219.1
Project("{FAE04EC0-301F-11D3-BF4B-00C04F79EFBC}") = "Palindrome Challenge", "Palindrome Challenge\Palindrome Challenge.csproj", "{CA3A1F7D-DED4-4ECC-ADDE-49D547D2B2B3}"
EndProject
Project("{FAE04EC0-301F-11D3-BF4B-00C04F79EFBC}") = "SWAPI", "SWAPI\SWAPI.csproj", "{D3A0C8E4-1462-4EDD-903A-E87CD2951EE1}"
EndProject
Global
	GlobalSection(SolutionConfigurationPlatforms) = preSolution
		Debug|Any CPU = Debug|Any CPU
		Release|Any CPU = Release|Any CPU
	EndGlobalSection
	GlobalSection(ProjectConfigurationPlatforms) = postSolution
		{CA3A1F7D-DED4-4ECC-ADDE-49D547D2B2B3}.Debug|Any CPU.ActiveCfg = Debug|Any CPU
		{CA3A1F7D-DED4-4ECC-ADDE-49D547D2B2B3}.Debug|Any CPU.Build.0 = Debug|Any CPU
		{CA3A1F7D-DED4-4ECC-ADDE-49D547D2B2B3}.Release|Any CPU.ActiveCfg = Release|Any CPU
		{CA3A1F7D-DED4-4ECC-ADDE-49D547D2B2B3}.Release|Any CPU.Build.0 = Release|Any CPU
		{D3A0C8E4-1462-4EDD-903A-E87CD2951EE1}.Debug|Any CPU.ActiveCfg = Debug|Any CPU
		{D3A0C8E4-1462-4EDD-903A-E87CD2951EE1}.Debug|Any CPU.Build.0 = Debug|Any CPU
		{D3A0C8E4-1462-4EDD-903A-E87CD2951EE1}.Release|Any CPU.ActiveCfg = Release|Any CPU
		{D3A0C8E4-1462-4EDD-903A-E87CD2951EE1}.Release|Any CPU.Build.0 = Release|Any CPU
	EndGlobalSection
	GlobalSection(SolutionProperties) = preSolution
		HideSolutionNode = FALSE
	EndGlobalSection
	GlobalSection(ExtensibilityGlobals) = postSolution
		SolutionGuid = {027EDB5E-73C4-4EC3-9FB7-068031A959E7}
	EndGlobalSection
EndGlobal
